
Microsoft Visual Studio Solution File, Format Version 11.00
# Visual Studio 2012
Project("{FAE04EC0-301F-11D3-BF4B-00C04F79EFBC}") = "LxToolsBase", "LxToolsBase\LxToolsBase.csproj", "{B9B875FA-C165-47CC-B4B1-931EAEA3DEC0}"
EndProject
Global
	GlobalSection(SolutionConfigurationPlatforms) = preSolution
		Debug|Any CPU = Debug|Any CPU
		Release|Any CPU = Release|Any CPU
	EndGlobalSection
	GlobalSection(ProjectConfigurationPlatforms) = postSolution
		{B9B875FA-C165-47CC-B4B1-931EAEA3DEC0}.Debug|Any CPU.ActiveCfg = Debug|Any CPU
		{B9B875FA-C165-47CC-B4B1-931EAEA3DEC0}.Debug|Any CPU.Build.0 = Debug|Any CPU
		{B9B875FA-C165-47CC-B4B1-931EAEA3DEC0}.Release|Any CPU.ActiveCfg = Release|Any CPU
		{B9B875FA-C165-47CC-B4B1-931EAEA3DEC0}.Release|Any CPU.Build.0 = Release|Any CPU
	EndGlobalSection
	GlobalSection(SolutionProperties) = preSolution
		HideSolutionNode = FALSE
	EndGlobalSection
EndGlobal
